// !$*UTF8*$!
{
	archiveVersion = 1;
	classes = {
	};
	objectVersion = 48;
	objects = {

/* Begin PBXBuildFile section */
		87450265214F83970069DEDA /* AppDelegate.swift in Sources */ = {isa = PBXBuildFile; fileRef = 87450264214F83970069DEDA /* AppDelegate.swift */; };
		8745026A214F83970069DEDA /* Main.storyboard in Resources */ = {isa = PBXBuildFile; fileRef = 87450268214F83970069DEDA /* Main.storyboard */; };
		8745026C214F83970069DEDA /* Assets.xcassets in Resources */ = {isa = PBXBuildFile; fileRef = 8745026B214F83970069DEDA /* Assets.xcassets */; };
		8745026F214F83970069DEDA /* LaunchScreen.storyboard in Resources */ = {isa = PBXBuildFile; fileRef = 8745026D214F83970069DEDA /* LaunchScreen.storyboard */; };
		8745027A214F83970069DEDA /* Search_ButtunTests.swift in Sources */ = {isa = PBXBuildFile; fileRef = 87450279214F83970069DEDA /* Search_ButtunTests.swift */; };
		87450285214F9BF50069DEDA /* TableViewController.swift in Sources */ = {isa = PBXBuildFile; fileRef = 87450284214F9BF50069DEDA /* TableViewController.swift */; };
/* End PBXBuildFile section */

/* Begin PBXContainerItemProxy section */
		87450276214F83970069DEDA /* PBXContainerItemProxy */ = {
			isa = PBXContainerItemProxy;
			containerPortal = 87450259214F83970069DEDA /* Project object */;
			proxyType = 1;
			remoteGlobalIDString = 87450260214F83970069DEDA;
			remoteInfo = "Search Buttun";
		};
/* End PBXContainerItemProxy section */

/* Begin PBXFileReference section */
		87450261214F83970069DEDA /* Search Buttun.app */ = {isa = PBXFileReference; explicitFileType = wrapper.application; includeInIndex = 0; path = "Search Buttun.app"; sourceTree = BUILT_PRODUCTS_DIR; };
		87450264214F83970069DEDA /* AppDelegate.swift */ = {isa = PBXFileReference; lastKnownFileType = sourcecode.swift; path = AppDelegate.swift; sourceTree = "<group>"; };
		87450269214F83970069DEDA /* Base */ = {isa = PBXFileReference; lastKnownFileType = file.storyboard; name = Base; path = Base.lproj/Main.storyboard; sourceTree = "<group>"; };
		8745026B214F83970069DEDA /* Assets.xcassets */ = {isa = PBXFileReference; lastKnownFileType = folder.assetcatalog; path = Assets.xcassets; sourceTree = "<group>"; };
		8745026E214F83970069DEDA /* Base */ = {isa = PBXFileReference; lastKnownFileType = file.storyboard; name = Base; path = Base.lproj/LaunchScreen.storyboard; sourceTree = "<group>"; };
		87450270214F83970069DEDA /* Info.plist */ = {isa = PBXFileReference; lastKnownFileType = text.plist.xml; path = Info.plist; sourceTree = "<group>"; };
		87450275214F83970069DEDA /* Search ButtunTests.xctest */ = {isa = PBXFileReference; explicitFileType = wrapper.cfbundle; includeInIndex = 0; path = "Search ButtunTests.xctest"; sourceTree = BUILT_PRODUCTS_DIR; };
		87450279214F83970069DEDA /* Search_ButtunTests.swift */ = {isa = PBXFileReference; lastKnownFileType = sourcecode.swift; path = Search_ButtunTests.swift; sourceTree = "<group>"; };
		8745027B214F83970069DEDA /* Info.plist */ = {isa = PBXFileReference; lastKnownFileType = text.plist.xml; path = Info.plist; sourceTree = "<group>"; };
		87450284214F9BF50069DEDA /* TableViewController.swift */ = {isa = PBXFileReference; lastKnownFileType = sourcecode.swift; path = TableViewController.swift; sourceTree = "<group>"; };
/* End PBXFileReference section */

/* Begin PBXFrameworksBuildPhase section */
		8745025E214F83970069DEDA /* Frameworks */ = {
			isa = PBXFrameworksBuildPhase;
			buildActionMask = 2147483647;
			files = (
			);
			runOnlyForDeploymentPostprocessing = 0;
		};
		87450272214F83970069DEDA /* Frameworks */ = {
			isa = PBXFrameworksBuildPhase;
			buildActionMask = 2147483647;
			files = (
			);
			runOnlyForDeploymentPostprocessing = 0;
		};
/* End PBXFrameworksBuildPhase section */

/* Begin PBXGroup section */
		87450258214F83970069DEDA = {
			isa = PBXGroup;
			children = (
				87450263214F83970069DEDA /* Search Buttun */,
				87450278214F83970069DEDA /* Search ButtunTests */,
				87450262214F83970069DEDA /* Products */,
			);
			sourceTree = "<group>";
		};
		87450262214F83970069DEDA /* Products */ = {
			isa = PBXGroup;
			children = (
				87450261214F83970069DEDA /* Search Buttun.app */,
				87450275214F83970069DEDA /* Search ButtunTests.xctest */,
			);
			name = Products;
			sourceTree = "<group>";
		};
		87450263214F83970069DEDA /* Search Buttun */ = {
			isa = PBXGroup;
			children = (
				87450264214F83970069DEDA /* AppDelegate.swift */,
				87450284214F9BF50069DEDA /* TableViewController.swift */,
				87450268214F83970069DEDA /* Main.storyboard */,
				8745026B214F83970069DEDA /* Assets.xcassets */,
				8745026D214F83970069DEDA /* LaunchScreen.storyboard */,
				87450270214F83970069DEDA /* Info.plist */,
			);
			path = "Search Buttun";
			sourceTree = "<group>";
		};
		87450278214F83970069DEDA /* Search ButtunTests */ = {
			isa = PBXGroup;
			children = (
				87450279214F83970069DEDA /* Search_ButtunTests.swift */,
				8745027B214F83970069DEDA /* Info.plist */,
			);
			path = "Search ButtunTests";
			sourceTree = "<group>";
		};
/* End PBXGroup section */

/* Begin PBXNativeTarget section */
		87450260214F83970069DEDA /* Search Buttun */ = {
			isa = PBXNativeTarget;
			buildConfigurationList = 8745027E214F83970069DEDA /* Build configuration list for PBXNativeTarget "Search Buttun" */;
			buildPhases = (
				8745025D214F83970069DEDA /* Sources */,
				8745025E214F83970069DEDA /* Frameworks */,
				8745025F214F83970069DEDA /* Resources */,
			);
			buildRules = (
			);
			dependencies = (
			);
			name = "Search Buttun";
			productName = "Search Buttun";
			productReference = 87450261214F83970069DEDA /* Search Buttun.app */;
			productType = "com.apple.product-type.application";
		};
		87450274214F83970069DEDA /* Search ButtunTests */ = {
			isa = PBXNativeTarget;
			buildConfigurationList = 87450281214F83970069DEDA /* Build configuration list for PBXNativeTarget "Search ButtunTests" */;
			buildPhases = (
				87450271214F83970069DEDA /* Sources */,
				87450272214F83970069DEDA /* Frameworks */,
				87450273214F83970069DEDA /* Resources */,
			);
			buildRules = (
			);
			dependencies = (
				87450277214F83970069DEDA /* PBXTargetDependency */,
			);
			name = "Search ButtunTests";
			productName = "Search ButtunTests";
			productReference = 87450275214F83970069DEDA /* Search ButtunTests.xctest */;
			productType = "com.apple.product-type.bundle.unit-test";
		};
/* End PBXNativeTarget section */

/* Begin PBXProject section */
		87450259214F83970069DEDA /* Project object */ = {
			isa = PBXProject;
			attributes = {
				LastSwiftUpdateCheck = 0920;
				LastUpgradeCheck = 0920;
				ORGANIZATIONNAME = TrungCatun;
				TargetAttributes = {
					87450260214F83970069DEDA = {
						CreatedOnToolsVersion = 9.2;
						ProvisioningStyle = Automatic;
					};
					87450274214F83970069DEDA = {
						CreatedOnToolsVersion = 9.2;
						ProvisioningStyle = Automatic;
						TestTargetID = 87450260214F83970069DEDA;
					};
				};
			};
			buildConfigurationList = 8745025C214F83970069DEDA /* Build configuration list for PBXProject "Search Buttun" */;
			compatibilityVersion = "Xcode 8.0";
			developmentRegion = en;
			hasScannedForEncodings = 0;
			knownRegions = (
				en,
				Base,
			);
			mainGroup = 87450258214F83970069DEDA;
			productRefGroup = 87450262214F83970069DEDA /* Products */;
			projectDirPath = "";
			projectRoot = "";
			targets = (
				87450260214F83970069DEDA /* Search Buttun */,
				87450274214F83970069DEDA /* Search ButtunTests */,
			);
		};
/* End PBXProject section */

/* Begin PBXResourcesBuildPhase section */
		8745025F214F83970069DEDA /* Resources */ = {
			isa = PBXResourcesBuildPhase;
			buildActionMask = 2147483647;
			files = (
				8745026F214F83970069DEDA /* LaunchScreen.storyboard in Resources */,
				8745026C214F83970069DEDA /* Assets.xcassets in Resources */,
				8745026A214F83970069DEDA /* Main.storyboard in Resources */,
			);
			runOnlyForDeploymentPostprocessing = 0;
		};
		87450273214F83970069DEDA /* Resources */ = {
			isa = PBXResourcesBuildPhase;
			buildActionMask = 2147483647;
			files = (
			);
			runOnlyForDeploymentPostprocessing = 0;
		};
/* End PBXResourcesBuildPhase section */

/* Begin PBXSourcesBuildPhase section */
		8745025D214F83970069DEDA /* Sources */ = {
			isa = PBXSourcesBuildPhase;
			buildActionMask = 2147483647;
			files = (
				87450265214F83970069DEDA /* AppDelegate.swift in Sources */,
				87450285214F9BF50069DEDA /* TableViewController.swift in Sources */,
			);
			runOnlyForDeploymentPostprocessing = 0;
		};
		87450271214F83970069DEDA /* Sources */ = {
			isa = PBXSourcesBuildPhase;
			buildActionMask = 2147483647;
			files = (
				8745027A214F83970069DEDA /* Search_ButtunTests.swift in Sources */,
			);
			runOnlyForDeploymentPostprocessing = 0;
		};
/* End PBXSourcesBuildPhase section */

/* Begin PBXTargetDependency section */
		87450277214F83970069DEDA /* PBXTargetDependency */ = {
			isa = PBXTargetDependency;
			target = 87450260214F83970069DEDA /* Search Buttun */;
			targetProxy = 87450276214F83970069DEDA /* PBXContainerItemProxy */;
		};
/* End PBXTargetDependency section */

/* Begin PBXVariantGroup section */
		87450268214F83970069DEDA /* Main.storyboard */ = {
			isa = PBXVariantGroup;
			children = (
				87450269214F83970069DEDA /* Base */,
			);
			name = Main.storyboard;
			sourceTree = "<group>";
		};
		8745026D214F83970069DEDA /* LaunchScreen.storyboard */ = {
			isa = PBXVariantGroup;
			children = (
				8745026E214F83970069DEDA /* Base */,
			);
			name = LaunchScreen.storyboard;
			sourceTree = "<group>";
		};
/* End PBXVariantGroup section */

/* Begin XCBuildConfiguration section */
		8745027C214F83970069DEDA /* Debug */ = {
			isa = XCBuildConfiguration;
			buildSettings = {
				ALWAYS_SEARCH_USER_PATHS = NO;
				CLANG_ANALYZER_NONNULL = YES;
				CLANG_ANALYZER_NUMBER_OBJECT_CONVERSION = YES_AGGRESSIVE;
				CLANG_CXX_LANGUAGE_STANDARD = "gnu++14";
				CLANG_CXX_LIBRARY = "libc++";
				CLANG_ENABLE_MODULES = YES;
				CLANG_ENABLE_OBJC_ARC = YES;
				CLANG_WARN_BLOCK_CAPTURE_AUTORELEASING = YES;
				CLANG_WARN_BOOL_CONVERSION = YES;
				CLANG_WARN_COMMA = YES;
				CLANG_WARN_CONSTANT_CONVERSION = YES;
				CLANG_WARN_DIRECT_OBJC_ISA_USAGE = YES_ERROR;
				CLANG_WARN_DOCUMENTATION_COMMENTS = YES;
				CLANG_WARN_EMPTY_BODY = YES;
				CLANG_WARN_ENUM_CONVERSION = YES;
				CLANG_WARN_INFINITE_RECURSION = YES;
				CLANG_WARN_INT_CONVERSION = YES;
				CLANG_WARN_NON_LITERAL_NULL_CONVERSION = YES;
				CLANG_WARN_OBJC_LITERAL_CONVERSION = YES;
				CLANG_WARN_OBJC_ROOT_CLASS = YES_ERROR;
				CLANG_WARN_RANGE_LOOP_ANALYSIS = YES;
				CLANG_WARN_STRICT_PROTOTYPES = YES;
				CLANG_WARN_SUSPICIOUS_MOVE = YES;
				CLANG_WARN_UNGUARDED_AVAILABILITY = YES_AGGRESSIVE;
				CLANG_WARN_UNREACHABLE_CODE = YES;
				CLANG_WARN__DUPLICATE_METHOD_MATCH = YES;
				CODE_SIGN_IDENTITY = "iPhone Developer";
				COPY_PHASE_STRIP = NO;
				DEBUG_INFORMATION_FORMAT = dwarf;
				ENABLE_STRICT_OBJC_MSGSEND = YES;
				ENABLE_TESTABILITY = YES;
				GCC_C_LANGUAGE_STANDARD = gnu11;
				GCC_DYNAMIC_NO_PIC = NO;
				GCC_NO_COMMON_BLOCKS = YES;
				GCC_OPTIMIZATION_LEVEL = 0;
				GCC_PREPROCESSOR_DEFINITIONS = (
					"DEBUG=1",
					"$(inherited)",
				);
				GCC_WARN_64_TO_32_BIT_CONVERSION = YES;
				GCC_WARN_ABOUT_RETURN_TYPE = YES_ERROR;
				GCC_WARN_UNDECLARED_SELECTOR = YES;
				GCC_WARN_UNINITIALIZED_AUTOS = YES_AGGRESSIVE;
				GCC_WARN_UNUSED_FUNCTION = YES;
				GCC_WARN_UNUSED_VARIABLE = YES;
				IPHONEOS_DEPLOYMENT_TARGET = 11.2;
				MTL_ENABLE_DEBUG_INFO = YES;
				ONLY_ACTIVE_ARCH = YES;
				SDKROOT = iphoneos;
				SWIFT_ACTIVE_COMPILATION_CONDITIONS = DEBUG;
				SWIFT_OPTIMIZATION_LEVEL = "-Onone";
			};
			name = Debug;
		};
		8745027D214F83970069DEDA /* Release */ = {
			isa = XCBuildConfiguration;
			buildSettings = {
				ALWAYS_SEARCH_USER_PATHS = NO;
				CLANG_ANALYZER_NONNULL = YES;
				CLANG_ANALYZER_NUMBER_OBJECT_CONVERSION = YES_AGGRESSIVE;
				CLANG_CXX_LANGUAGE_STANDARD = "gnu++14";
				CLANG_CXX_LIBRARY = "libc++";
				CLANG_ENABLE_MODULES = YES;
				CLANG_ENABLE_OBJC_ARC = YES;
				CLANG_WARN_BLOCK_CAPTURE_AUTORELEASING = YES;
				CLANG_WARN_BOOL_CONVERSION = YES;
				CLANG_WARN_COMMA = YES;
				CLANG_WARN_CONSTANT_CONVERSION = YES;
				CLANG_WARN_DIRECT_OBJC_ISA_USAGE = YES_ERROR;
				CLANG_WARN_DOCUMENTATION_COMMENTS = YES;
				CLANG_WARN_EMPTY_BODY = YES;
				CLANG_WARN_ENUM_CONVERSION = YES;
				CLANG_WARN_INFINITE_RECURSION = YES;
				CLANG_WARN_INT_CONVERSION = YES;
				CLANG_WARN_NON_LITERAL_NULL_CONVERSION = YES;
				CLANG_WARN_OBJC_LITERAL_CONVERSION = YES;
				CLANG_WARN_OBJC_ROOT_CLASS = YES_ERROR;
				CLANG_WARN_RANGE_LOOP_ANALYSIS = YES;
				CLANG_WARN_STRICT_PROTOTYPES = YES;
				CLANG_WARN_SUSPICIOUS_MOVE = YES;
				CLANG_WARN_UNGUARDED_AVAILABILITY = YES_AGGRESSIVE;
				CLANG_WARN_UNREACHABLE_CODE = YES;
				CLANG_WARN__DUPLICATE_METHOD_MATCH = YES;
				CODE_SIGN_IDENTITY = "iPhone Developer";
				COPY_PHASE_STRIP = NO;
				DEBUG_INFORMATION_FORMAT = "dwarf-with-dsym";
				ENABLE_NS_ASSERTIONS = NO;
				ENABLE_STRICT_OBJC_MSGSEND = YES;
				GCC_C_LANGUAGE_STANDARD = gnu11;
				GCC_NO_COMMON_BLOCKS = YES;
				GCC_WARN_64_TO_32_BIT_CONVERSION = YES;
				GCC_WARN_ABOUT_RETURN_TYPE = YES_ERROR;
				GCC_WARN_UNDECLARED_SELECTOR = YES;
				GCC_WARN_UNINITIALIZED_AUTOS = YES_AGGRESSIVE;
				GCC_WARN_UNUSED_FUNCTION = YES;
				GCC_WARN_UNUSED_VARIABLE = YES;
				IPHONEOS_DEPLOYMENT_TARGET = 11.2;
				MTL_ENABLE_DEBUG_INFO = NO;
				SDKROOT = iphoneos;
				SWIFT_OPTIMIZATION_LEVEL = "-Owholemodule";
				VALIDATE_PRODUCT = YES;
			};
			name = Release;
		};
		8745027F214F83970069DEDA /* Debug */ = {
			isa = XCBuildConfiguration;
			buildSettings = {
				ASSETCATALOG_COMPILER_APPICON_NAME = AppIcon;
				CODE_SIGN_STYLE = Automatic;
				INFOPLIST_FILE = "Search Buttun/Info.plist";
				LD_RUNPATH_SEARCH_PATHS = "$(inherited) @executable_path/Frameworks";
				PRODUCT_BUNDLE_IDENTIFIER = "TrungCatun.Search-Buttun";
				PRODUCT_NAME = "$(TARGET_NAME)";
				SWIFT_VERSION = 4.0;
				TARGETED_DEVICE_FAMILY = "1,2";
			};
			name = Debug;
		};
		87450280214F83970069DEDA /* Release */ = {
			isa = XCBuildConfiguration;
			buildSettings = {
				ASSETCATALOG_COMPILER_APPICON_NAME = AppIcon;
				CODE_SIGN_STYLE = Automatic;
				INFOPLIST_FILE = "Search Buttun/Info.plist";
				LD_RUNPATH_SEARCH_PATHS = "$(inherited) @executable_path/Frameworks";
				PRODUCT_BUNDLE_IDENTIFIER = "TrungCatun.Search-Buttun";
				PRODUCT_NAME = "$(TARGET_NAME)";
				SWIFT_VERSION = 4.0;
				TARGETED_DEVICE_FAMILY = "1,2";
			};
			name = Release;
		};
		87450282214F83970069DEDA /* Debug */ = {
			isa = XCBuildConfiguration;
			buildSettings = {
				ALWAYS_EMBED_SWIFT_STANDARD_LIBRARIES = YES;
				BUNDLE_LOADER = "$(TEST_HOST)";
				CODE_SIGN_STYLE = Automatic;
				INFOPLIST_FILE = "Search ButtunTests/Info.plist";
				LD_RUNPATH_SEARCH_PATHS = "$(inherited) @executable_path/Frameworks @loader_path/Frameworks";
				PRODUCT_BUNDLE_IDENTIFIER = "TrungCatun.Search-ButtunTests";
				PRODUCT_NAME = "$(TARGET_NAME)";
				SWIFT_VERSION = 4.0;
				TARGETED_DEVICE_FAMILY = "1,2";
				TEST_HOST = "$(BUILT_PRODUCTS_DIR)/Search Buttun.app/Search Buttun";
			};
			name = Debug;
		};
		87450283214F83970069DEDA /* Release */ = {
			isa = XCBuildConfiguration;
			buildSettings = {
				ALWAYS_EMBED_SWIFT_STANDARD_LIBRARIES = YES;
				BUNDLE_LOADER = "$(TEST_HOST)";
				CODE_SIGN_STYLE = Automatic;
				INFOPLIST_FILE = "Search ButtunTests/Info.plist";
				LD_RUNPATH_SEARCH_PATHS = "$(inherited) @executable_path/Frameworks @loader_path/Frameworks";
				PRODUCT_BUNDLE_IDENTIFIER = "TrungCatun.Search-ButtunTests";
				PRODUCT_NAME = "$(TARGET_NAME)";
				SWIFT_VERSION = 4.0;
				TARGETED_DEVICE_FAMILY = "1,2";
				TEST_HOST = "$(BUILT_PRODUCTS_DIR)/Search Buttun.app/Search Buttun";
			};
			name = Release;
		};
/* End XCBuildConfiguration section */

/* Begin XCConfigurationList section */
		8745025C214F83970069DEDA /* Build configuration list for PBXProject "Search Buttun" */ = {
			isa = XCConfigurationList;
			buildConfigurations = (
				8745027C214F83970069DEDA /* Debug */,
				8745027D214F83970069DEDA /* Release */,
			);
			defaultConfigurationIsVisible = 0;
			defaultConfigurationName = Release;
		};
		8745027E214F83970069DEDA /* Build configuration list for PBXNativeTarget "Search Buttun" */ = {
			isa = XCConfigurationList;
			buildConfigurations = (
				8745027F214F83970069DEDA /* Debug */,
				87450280214F83970069DEDA /* Release */,
			);
			defaultConfigurationIsVisible = 0;
			defaultConfigurationName = Release;
		};
		87450281214F83970069DEDA /* Build configuration list for PBXNativeTarget "Search ButtunTests" */ = {
			isa = XCConfigurationList;
			buildConfigurations = (
				87450282214F83970069DEDA /* Debug */,
				87450283214F83970069DEDA /* Release */,
			);
			defaultConfigurationIsVisible = 0;
			defaultConfigurationName = Release;
		};
/* End XCConfigurationList section */
	};
	rootObject = 87450259214F83970069DEDA /* Project object */;
}
